
Microsoft Visual Studio Solution File, Format Version 12.00
# Visual Studio Version 16
VisualStudioVersion = 16.0.31229.75
MinimumVisualStudioVersion = 10.0.40219.1
Project("{FAE04EC0-301F-11D3-BF4B-00C04F79EFBC}") = "MegamanZeroVSSigma", "MegamanZeroVSSigma\MegamanZeroVSSigma.csproj", "{55B35B4C-7DAB-431E-9FC3-2C937B7226CC}"
EndProject
Global
	GlobalSection(SolutionConfigurationPlatforms) = preSolution
		Debug|Any CPU = Debug|Any CPU
		Release|Any CPU = Release|Any CPU
	EndGlobalSection
	GlobalSection(ProjectConfigurationPlatforms) = postSolution
		{55B35B4C-7DAB-431E-9FC3-2C937B7226CC}.Debug|Any CPU.ActiveCfg = Debug|Any CPU
		{55B35B4C-7DAB-431E-9FC3-2C937B7226CC}.Debug|Any CPU.Build.0 = Debug|Any CPU
		{55B35B4C-7DAB-431E-9FC3-2C937B7226CC}.Release|Any CPU.ActiveCfg = Release|Any CPU
		{55B35B4C-7DAB-431E-9FC3-2C937B7226CC}.Release|Any CPU.Build.0 = Release|Any CPU
	EndGlobalSection
	GlobalSection(SolutionProperties) = preSolution
		HideSolutionNode = FALSE
	EndGlobalSection
	GlobalSection(ExtensibilityGlobals) = postSolution
		SolutionGuid = {B286AF74-32A0-4F0D-A0E9-5B215A841A0E}
	EndGlobalSection
EndGlobal
